
Microsoft Visual Studio Solution File, Format Version 12.00
# Visual Studio Version 17
VisualStudioVersion = 17.2.32616.157
MinimumVisualStudioVersion = 10.0.40219.1
Project("{FAE04EC0-301F-11D3-BF4B-00C04F79EFBC}") = "EcommerceBetaAPI", "EcommerceBetaAPI\EcommerceBetaAPI.csproj", "{96404ABB-5AAF-4DC6-B524-70FED5050325}"
EndProject
Global
	GlobalSection(SolutionConfigurationPlatforms) = preSolution
		Debug|Any CPU = Debug|Any CPU
		Release|Any CPU = Release|Any CPU
	EndGlobalSection
	GlobalSection(ProjectConfigurationPlatforms) = postSolution
		{96404ABB-5AAF-4DC6-B524-70FED5050325}.Debug|Any CPU.ActiveCfg = Debug|Any CPU
		{96404ABB-5AAF-4DC6-B524-70FED5050325}.Debug|Any CPU.Build.0 = Debug|Any CPU
		{96404ABB-5AAF-4DC6-B524-70FED5050325}.Release|Any CPU.ActiveCfg = Release|Any CPU
		{96404ABB-5AAF-4DC6-B524-70FED5050325}.Release|Any CPU.Build.0 = Release|Any CPU
	EndGlobalSection
	GlobalSection(SolutionProperties) = preSolution
		HideSolutionNode = FALSE
	EndGlobalSection
	GlobalSection(ExtensibilityGlobals) = postSolution
		SolutionGuid = {B5498A7B-E96C-451B-8AF3-06729234D028}
	EndGlobalSection
EndGlobal
